<?xml version="1.0" encoding="utf-8"?>
<Project ToolsVersion="4.0" xmlns="http://schemas.microsoft.com/developer/msbuild/2003">
  <ItemGroup>
    <ClCompile Include="CameraDlg.cpp">
      <Filter>Source Files</Filter>
    </ClCompile>
    <ClCompile Include="LightingDlg.cpp">
      <Filter>Source Files</Filter>
    </ClCompile>
    <ClCompile Include="NGETestGUIApp.cpp">
      <Filter>Source Files</Filter>
    </ClCompile>
    <ClCompile Include="NGETestGUIDlg.cpp">
      <Filter>Source Files</Filter>
    </ClCompile>
    <ClCompile Include="StdAfx.cpp">
      <Filter>Source Files</Filter>
    </ClCompile>
    <ClCompile Include="ProgramSettings.cpp">
      <Filter>Source Files</Filter>
    </ClCompile>
    <ClCompile Include="ProcessingDlg.cpp">
      <Filter>Source Files</Filter>
    </ClCompile>
    <ClCompile Include="CameraData.cpp">
      <Filter>Source Files</Filter>
    </ClCompile>
    <ClCompile Include="CThinPlateSpline.cpp">
      <Filter>Source Files</Filter>
    </ClCompile>
    <ClCompile Include="LaplacianBlending.cpp">
      <Filter>Source Files</Filter>
    </ClCompile>
    <ClCompile Include="MosaicData.cpp">
      <Filter>Source Files</Filter>
    </ClCompile>
    <ClCompile Include="ProcTimes.cpp">
      <Filter>Source Files</Filter>
    </ClCompile>
    <ClCompile Include="Thinning.cpp">
      <Filter>Source Files</Filter>
    </ClCompile>
    <ClCompile Include="TimingData.cpp">
      <Filter>Source Files</Filter>
    </ClCompile>
    <ClCompile Include="FPGADlg.cpp">
      <Filter>Source Files</Filter>
    </ClCompile>
    <ClCompile Include="ImageBuilder.cpp">
      <Filter>Source Files</Filter>
    </ClCompile>
    <ClCompile Include="FramesPerSecond.cpp">
      <Filter>Source Files</Filter>
    </ClCompile>
    <ClCompile Include="MicroController.cpp">
      <Filter>Source Files</Filter>
    </ClCompile>
    <ClCompile Include="MicroControlDlg.cpp">
      <Filter>Source Files</Filter>
    </ClCompile>
    <ClCompile Include="SerialPort.cpp">
      <Filter>Source Files</Filter>
    </ClCompile>
    <ClCompile Include="MonitorDC.cpp">
      <Filter>Source Files</Filter>
    </ClCompile>
    <ClCompile Include="Monitors.cpp">
      <Filter>Source Files</Filter>
    </ClCompile>
    <ClCompile Include="MultiMonitor.cpp">
      <Filter>Source Files</Filter>
    </ClCompile>
    <ClCompile Include="PictureCtrl.cpp">
      <Filter>Source Files</Filter>
    </ClCompile>
    <ClCompile Include="LightControl.cpp">
      <Filter>Source Files</Filter>
    </ClCompile>
    <ClCompile Include="MessageQueue.cpp">
      <Filter>Source Files</Filter>
    </ClCompile>
    <ClCompile Include="HandsetDlg.cpp">
      <Filter>Source Files</Filter>
    </ClCompile>
    <ClCompile Include="MainDlg.cpp">
      <Filter>Source Files</Filter>
    </ClCompile>
    <ClCompile Include="USBReader.cpp">
      <Filter>Source Files</Filter>
    </ClCompile>
    <ClCompile Include="EnhancementDlg.cpp">
      <Filter>Source Files</Filter>
    </ClCompile>
    <ClCompile Include="EnhancementControl.cpp">
      <Filter>Source Files</Filter>
    </ClCompile>
    <ClCompile Include="SystemManager.cpp">
      <Filter>Source Files</Filter>
    </ClCompile>
    <ClCompile Include="SystemManagerDlg.cpp">
      <Filter>Source Files</Filter>
    </ClCompile>
    <ClCompile Include="LedButton.cpp">
      <Filter>Source Files</Filter>
    </ClCompile>
    <ClCompile Include="SplashScreen.cpp">
      <Filter>Source Files</Filter>
    </ClCompile>
    <ClCompile Include="SelectItemDlg.cpp">
      <Filter>Source Files</Filter>
    </ClCompile>
    <ClCompile Include="CameraSettings.cpp">
      <Filter>Source Files</Filter>
    </ClCompile>
    <ClCompile Include="ScopeSettings.cpp">
      <Filter>Source Files</Filter>
    </ClCompile>
    <ClCompile Include="CustomSliderCtrl.cpp">
      <Filter>Source Files</Filter>
    </ClCompile>
    <ClCompile Include="SelfCalibrationDlg.cpp">
      <Filter>Source Files</Filter>
    </ClCompile>
    <ClCompile Include="SelfCalibration.cpp">
      <Filter>Source Files</Filter>
    </ClCompile>
    <ClCompile Include="StatusClasses.cpp">
      <Filter>Source Files</Filter>
    </ClCompile>
    <ClCompile Include="PasswordDlg.cpp">
      <Filter>Source Files</Filter>
    </ClCompile>
    <ClCompile Include="LightCalSettings.cpp">
      <Filter>Source Files</Filter>
    </ClCompile>
    <ClCompile Include="SignalOutputDlg.cpp">
      <Filter>Source Files</Filter>
    </ClCompile>
    <ClCompile Include="SignalOutput.cpp">
      <Filter>Source Files</Filter>
    </ClCompile>
    <ClCompile Include="ScopeStatus.cpp">
      <Filter>Source Files</Filter>
    </ClCompile>
    <ClCompile Include="ScreenSelectDlg.cpp">
      <Filter>Source Files</Filter>
    </ClCompile>
    <ClCompile Include="ProcessorBoxSettings.cpp">
      <Filter>Source Files</Filter>
    </ClCompile>
  </ItemGroup>
  <ItemGroup>
    <ClInclude Include="CameraDlg.h">
      <Filter>Header Files</Filter>
    </ClInclude>
    <ClInclude Include="LightingDlg.h">
      <Filter>Header Files</Filter>
    </ClInclude>
    <ClInclude Include="NGETestGUIApp.h">
      <Filter>Header Files</Filter>
    </ClInclude>
    <ClInclude Include="NGETestGUIDlg.h">
      <Filter>Header Files</Filter>
    </ClInclude>
    <ClInclude Include="StdAfx.h">
      <Filter>Header Files</Filter>
    </ClInclude>
    <ClInclude Include="Resource.h">
      <Filter>Header Files</Filter>
    </ClInclude>
    <ClInclude Include="ProgramSettings.h">
      <Filter>Header Files</Filter>
    </ClInclude>
    <ClInclude Include="ProcessingDlg.h">
      <Filter>Header Files</Filter>
    </ClInclude>
    <ClInclude Include="CameraData.h">
      <Filter>Header Files</Filter>
    </ClInclude>
    <ClInclude Include="CThinPlateSpline.h">
      <Filter>Header Files</Filter>
    </ClInclude>
    <ClInclude Include="LaplacianBlending.h">
      <Filter>Header Files</Filter>
    </ClInclude>
    <ClInclude Include="MosaicData.h">
      <Filter>Header Files</Filter>
    </ClInclude>
    <ClInclude Include="ProcTimes.h">
      <Filter>Header Files</Filter>
    </ClInclude>
    <ClInclude Include="Thinning.h">
      <Filter>Header Files</Filter>
    </ClInclude>
    <ClInclude Include="TimingData.h">
      <Filter>Header Files</Filter>
    </ClInclude>
    <ClInclude Include="PentekReader.h">
      <Filter>Header Files</Filter>
    </ClInclude>
    <ClInclude Include="FPGADlg.h">
      <Filter>Header Files</Filter>
    </ClInclude>
    <ClInclude Include="ImageBuilder.h">
      <Filter>Header Files</Filter>
    </ClInclude>
    <ClInclude Include="FramesPerSecond.h">
      <Filter>Header Files</Filter>
    </ClInclude>
    <ClInclude Include="MicroController.h">
      <Filter>Header Files</Filter>
    </ClInclude>
    <ClInclude Include="MicroControlDlg.h">
      <Filter>Header Files</Filter>
    </ClInclude>
    <ClInclude Include="SerialPort.h">
      <Filter>Header Files</Filter>
    </ClInclude>
    <ClInclude Include="MonitorDC.h">
      <Filter>Header Files</Filter>
    </ClInclude>
    <ClInclude Include="Monitors.h">
      <Filter>Header Files</Filter>
    </ClInclude>
    <ClInclude Include="MultiMonitor.h">
      <Filter>Header Files</Filter>
    </ClInclude>
    <ClInclude Include="PictureCtrl.h">
      <Filter>Header Files</Filter>
    </ClInclude>
    <ClInclude Include="LightControl.h">
      <Filter>Header Files</Filter>
    </ClInclude>
    <ClInclude Include="MessageQueue.h">
      <Filter>Header Files</Filter>
    </ClInclude>
    <ClInclude Include="HandsetDlg.h">
      <Filter>Header Files</Filter>
    </ClInclude>
    <ClInclude Include="MainDlg.h">
      <Filter>Header Files</Filter>
    </ClInclude>
    <ClInclude Include="USBReader.h">
      <Filter>Header Files</Filter>
    </ClInclude>
    <ClInclude Include="EnhancementDlg.h">
      <Filter>Header Files</Filter>
    </ClInclude>
    <ClInclude Include="EnhancementControl.h">
      <Filter>Header Files</Filter>
    </ClInclude>
    <ClInclude Include="SystemManager.h">
      <Filter>Header Files</Filter>
    </ClInclude>
    <ClInclude Include="SystemManagerDlg.h">
      <Filter>Header Files</Filter>
    </ClInclude>
    <ClInclude Include="LedButton.h">
      <Filter>Header Files</Filter>
    </ClInclude>
    <ClInclude Include="SplashScreen.h">
      <Filter>Header Files</Filter>
    </ClInclude>
    <ClInclude Include="SelectItemDlg.h">
      <Filter>Header Files</Filter>
    </ClInclude>
    <ClInclude Include="CameraSettings.h">
      <Filter>Header Files</Filter>
    </ClInclude>
    <ClInclude Include="ScopeSettings.h">
      <Filter>Header Files</Filter>
    </ClInclude>
    <ClInclude Include="CustomSliderCtrl.h">
      <Filter>Header Files</Filter>
    </ClInclude>
    <ClInclude Include="SelfCalibrationDlg.h">
      <Filter>Header Files</Filter>
    </ClInclude>
    <ClInclude Include="SelfCalibration.h">
      <Filter>Header Files</Filter>
    </ClInclude>
    <ClInclude Include="StatusClasses.h">
      <Filter>Header Files</Filter>
    </ClInclude>
    <ClInclude Include="Version.h">
      <Filter>Header Files</Filter>
    </ClInclude>
    <ClInclude Include="PasswordDlg.h">
      <Filter>Header Files</Filter>
    </ClInclude>
    <ClInclude Include="LightCalSettings.h">
      <Filter>Header Files</Filter>
    </ClInclude>
    <ClInclude Include="SignalOutputDlg.h">
      <Filter>Header Files</Filter>
    </ClInclude>
    <ClInclude Include="SignalOutput.h">
      <Filter>Header Files</Filter>
    </ClInclude>
    <ClInclude Include="Timers.h">
      <Filter>Header Files</Filter>
    </ClInclude>
    <ClInclude Include="ScopeStatus.h">
      <Filter>Header Files</Filter>
    </ClInclude>
    <ClInclude Include="ScreenSelectDlg.h">
      <Filter>Header Files</Filter>
    </ClInclude>
    <ClInclude Include="ProcessorBoxSettings.h">
      <Filter>Header Files</Filter>
    </ClInclude>
  </ItemGroup>
  <ItemGroup>
    <CustomBuild Include="res\NGETestGUI.rc2">
      <Filter>Resource Files</Filter>
    </CustomBuild>
  </ItemGroup>
  <ItemGroup>
    <Filter Include="Header Files">
      <UniqueIdentifier>{8fd23eda-07c8-486b-8040-265214e1edf3}</UniqueIdentifier>
      <Extensions>h;hpp;hxx;hm;inl</Extensions>
    </Filter>
    <Filter Include="Resource Files">
      <UniqueIdentifier>{af4e1377-846e-4235-97cf-454fbdf51aff}</UniqueIdentifier>
      <Extensions>ico;cur;bmp;dlg;rc2;rct;bin;rgs;gif;jpg;jpeg;jpe</Extensions>
    </Filter>
    <Filter Include="Source Files">
      <UniqueIdentifier>{62ba4c5d-1526-4902-928d-a390614ce349}</UniqueIdentifier>
      <Extensions>cpp;c;cxx;rc;def;r;odl;idl;hpj;bat</Extensions>
    </Filter>
  </ItemGroup>
  <ItemGroup>
    <ResourceCompile Include="NGETestGUI.rc">
      <Filter>Resource Files</Filter>
    </ResourceCompile>
  </ItemGroup>
  <ItemGroup>
    <None Include="Log4cxxNGETestGUIConfig.xml">
      <Filter>Source Files</Filter>
    </None>
    <None Include="res\NGETestGUI.ico">
      <Filter>Resource Files</Filter>
    </None>
    <None Include="resource.hm">
      <Filter>Header Files</Filter>
    </None>
  </ItemGroup>
  <ItemGroup>
    <Image Include="res\Saneso-logo-web-use-v2.png" />
    <Image Include="res\Saneso-logo-splash.png" />
    <Image Include="res\bitmapDown.bmp">
      <Filter>Resource Files</Filter>
    </Image>
    <Image Include="res\bitmapUp.bmp">
      <Filter>Resource Files</Filter>
    </Image>
    <Image Include="res\bitmapDownPressed.bmp">
      <Filter>Resource Files</Filter>
    </Image>
    <Image Include="res\bitmapUpPressed.bmp">
      <Filter>Resource Files</Filter>
    </Image>
    <Image Include="res\HandsetDiagram.png" />
    <Image Include="res\LedGreen.ico">
      <Filter>Resource Files</Filter>
    </Image>
    <Image Include="res\LedNone.ico">
      <Filter>Resource Files</Filter>
    </Image>
    <Image Include="res\LedRed.ico">
      <Filter>Resource Files</Filter>
    </Image>
    <Image Include="res\LedYellow.ico">
      <Filter>Resource Files</Filter>
    </Image>
    <Image Include="res\LedBlue.ico">
      <Filter>Resource Files</Filter>
    </Image>
  </ItemGroup>
</Project>